
Microsoft Visual Studio Solution File, Format Version 12.00
# Visual Studio Version 17
VisualStudioVersion = 17.8.34316.72
MinimumVisualStudioVersion = 10.0.40219.1
Project("{FAE04EC0-301F-11D3-BF4B-00C04F79EFBC}") = "EventLogWriter", "EventLogWriter.csproj", "{635EDDC0-C657-4660-B08D-F0227161A610}"
EndProject
Global
	GlobalSection(SolutionConfigurationPlatforms) = preSolution
		Debug|Any CPU = Debug|Any CPU
		Release|Any CPU = Release|Any CPU
	EndGlobalSection
	GlobalSection(ProjectConfigurationPlatforms) = postSolution
		{635EDDC0-C657-4660-B08D-F0227161A610}.Debug|Any CPU.ActiveCfg = Debug|Any CPU
		{635EDDC0-C657-4660-B08D-F0227161A610}.Debug|Any CPU.Build.0 = Debug|Any CPU
		{635EDDC0-C657-4660-B08D-F0227161A610}.Release|Any CPU.ActiveCfg = Release|Any CPU
		{635EDDC0-C657-4660-B08D-F0227161A610}.Release|Any CPU.Build.0 = Release|Any CPU
	EndGlobalSection
	GlobalSection(SolutionProperties) = preSolution
		HideSolutionNode = FALSE
	EndGlobalSection
	GlobalSection(ExtensibilityGlobals) = postSolution
		SolutionGuid = {B7279DD3-B063-44D6-BF77-ACEA4E2B9841}
	EndGlobalSection
EndGlobal
